// !$*UTF8*$!
{
	archiveVersion = 1;
	classes = {
	};
	objectVersion = 56;
	objects = {

/* Begin PBXBuildFile section */
		06263F502B21DD920002D0A9 /* TravelAppApp.swift in Sources */ = {isa = PBXBuildFile; fileRef = 06263F4F2B21DD920002D0A9 /* TravelAppApp.swift */; };
		06263F522B21DD920002D0A9 /* ContentView.swift in Sources */ = {isa = PBXBuildFile; fileRef = 06263F512B21DD920002D0A9 /* ContentView.swift */; };
		06263F542B21DD920002D0A9 /* Assets.xcassets in Resources */ = {isa = PBXBuildFile; fileRef = 06263F532B21DD920002D0A9 /* Assets.xcassets */; };
		06263F582B21DD920002D0A9 /* Preview Assets.xcassets in Resources */ = {isa = PBXBuildFile; fileRef = 06263F572B21DD920002D0A9 /* Preview Assets.xcassets */; };
		06263F5F2B21E0D30002D0A9 /* TravelNote.swift in Sources */ = {isa = PBXBuildFile; fileRef = 06263F5E2B21E0D30002D0A9 /* TravelNote.swift */; };
		06263F612B21E0EC0002D0A9 /* NewTravel.swift in Sources */ = {isa = PBXBuildFile; fileRef = 06263F602B21E0EC0002D0A9 /* NewTravel.swift */; };
		06263F632B21E1240002D0A9 /* MainPage.swift in Sources */ = {isa = PBXBuildFile; fileRef = 06263F622B21E1240002D0A9 /* MainPage.swift */; };
		06263F672B21E1D10002D0A9 /* MapView.swift in Sources */ = {isa = PBXBuildFile; fileRef = 06263F662B21E1D10002D0A9 /* MapView.swift */; };
		06263F6E2B271A540002D0A9 /* calendarFromView.swift in Sources */ = {isa = PBXBuildFile; fileRef = 06263F6D2B271A540002D0A9 /* calendarFromView.swift */; };
		06263F702B271CD60002D0A9 /* calendarUntilView.swift in Sources */ = {isa = PBXBuildFile; fileRef = 06263F6F2B271CD60002D0A9 /* calendarUntilView.swift */; };
		06263F722B2849B10002D0A9 /* TravelNoteModel.swift in Sources */ = {isa = PBXBuildFile; fileRef = 06263F712B2849B10002D0A9 /* TravelNoteModel.swift */; };
		06263F742B2850A70002D0A9 /* NoteList.swift in Sources */ = {isa = PBXBuildFile; fileRef = 06263F732B2850A70002D0A9 /* NoteList.swift */; };
		069B8DEF2B29D3C500AD5D83 /* TravelNoteView.swift in Sources */ = {isa = PBXBuildFile; fileRef = 069B8DEE2B29D3C500AD5D83 /* TravelNoteView.swift */; };
		5DF3C6502B286D290091310F /* ModelWindowTrip.swift in Sources */ = {isa = PBXBuildFile; fileRef = 5DF3C64F2B286D290091310F /* ModelWindowTrip.swift */; };
/* End PBXBuildFile section */

/* Begin PBXFileReference section */
		06263F4C2B21DD920002D0A9 /* TravelApp.app */ = {isa = PBXFileReference; explicitFileType = wrapper.application; includeInIndex = 0; path = TravelApp.app; sourceTree = BUILT_PRODUCTS_DIR; };
		06263F4F2B21DD920002D0A9 /* TravelAppApp.swift */ = {isa = PBXFileReference; lastKnownFileType = sourcecode.swift; path = TravelAppApp.swift; sourceTree = "<group>"; };
		06263F512B21DD920002D0A9 /* ContentView.swift */ = {isa = PBXFileReference; lastKnownFileType = sourcecode.swift; path = ContentView.swift; sourceTree = "<group>"; };
		06263F532B21DD920002D0A9 /* Assets.xcassets */ = {isa = PBXFileReference; lastKnownFileType = folder.assetcatalog; path = Assets.xcassets; sourceTree = "<group>"; };
		06263F552B21DD920002D0A9 /* TravelApp.entitlements */ = {isa = PBXFileReference; lastKnownFileType = text.plist.entitlements; path = TravelApp.entitlements; sourceTree = "<group>"; };
		06263F572B21DD920002D0A9 /* Preview Assets.xcassets */ = {isa = PBXFileReference; lastKnownFileType = folder.assetcatalog; path = "Preview Assets.xcassets"; sourceTree = "<group>"; };
		06263F5E2B21E0D30002D0A9 /* TravelNote.swift */ = {isa = PBXFileReference; lastKnownFileType = sourcecode.swift; path = TravelNote.swift; sourceTree = "<group>"; };
		06263F602B21E0EC0002D0A9 /* NewTravel.swift */ = {isa = PBXFileReference; lastKnownFileType = sourcecode.swift; path = NewTravel.swift; sourceTree = "<group>"; };
		06263F622B21E1240002D0A9 /* MainPage.swift */ = {isa = PBXFileReference; lastKnownFileType = sourcecode.swift; path = MainPage.swift; sourceTree = "<group>"; };
		06263F662B21E1D10002D0A9 /* MapView.swift */ = {isa = PBXFileReference; lastKnownFileType = sourcecode.swift; path = MapView.swift; sourceTree = "<group>"; };
		06263F6D2B271A540002D0A9 /* calendarFromView.swift */ = {isa = PBXFileReference; lastKnownFileType = sourcecode.swift; path = calendarFromView.swift; sourceTree = "<group>"; };
		06263F6F2B271CD60002D0A9 /* calendarUntilView.swift */ = {isa = PBXFileReference; lastKnownFileType = sourcecode.swift; path = calendarUntilView.swift; sourceTree = "<group>"; };
		06263F712B2849B10002D0A9 /* TravelNoteModel.swift */ = {isa = PBXFileReference; lastKnownFileType = sourcecode.swift; path = TravelNoteModel.swift; sourceTree = "<group>"; };
		06263F732B2850A70002D0A9 /* NoteList.swift */ = {isa = PBXFileReference; lastKnownFileType = sourcecode.swift; path = NoteList.swift; sourceTree = "<group>"; };
		069B8DEE2B29D3C500AD5D83 /* TravelNoteView.swift */ = {isa = PBXFileReference; lastKnownFileType = sourcecode.swift; path = TravelNoteView.swift; sourceTree = "<group>"; };
		5DF3C64F2B286D290091310F /* ModelWindowTrip.swift */ = {isa = PBXFileReference; lastKnownFileType = sourcecode.swift; path = ModelWindowTrip.swift; sourceTree = "<group>"; };
/* End PBXFileReference section */

/* Begin PBXFrameworksBuildPhase section */
		06263F492B21DD920002D0A9 /* Frameworks */ = {
			isa = PBXFrameworksBuildPhase;
			buildActionMask = 2147483647;
			files = (
			);
			runOnlyForDeploymentPostprocessing = 0;
		};
/* End PBXFrameworksBuildPhase section */

/* Begin PBXGroup section */
		06263F432B21DD910002D0A9 = {
			isa = PBXGroup;
			children = (
				06263F4E2B21DD920002D0A9 /* TravelApp */,
				06263F4D2B21DD920002D0A9 /* Products */,
			);
			sourceTree = "<group>";
		};
		06263F4D2B21DD920002D0A9 /* Products */ = {
			isa = PBXGroup;
			children = (
				06263F4C2B21DD920002D0A9 /* TravelApp.app */,
			);
			name = Products;
			sourceTree = "<group>";
		};
		06263F4E2B21DD920002D0A9 /* TravelApp */ = {
			isa = PBXGroup;
			children = (
				06263F4F2B21DD920002D0A9 /* TravelAppApp.swift */,
				06263F512B21DD920002D0A9 /* ContentView.swift */,
				06263F6C2B21E4670002D0A9 /* Travel Note */,
				06263F6B2B21E44F0002D0A9 /* New Travel */,
				06263F682B21E3DE0002D0A9 /* FirstPage */,
				06263F6A2B21E43E0002D0A9 /* MapView */,
				06263F532B21DD920002D0A9 /* Assets.xcassets */,
				06263F552B21DD920002D0A9 /* TravelApp.entitlements */,
				06263F562B21DD920002D0A9 /* Preview Content */,
			);
			path = TravelApp;
			sourceTree = "<group>";
		};
		06263F562B21DD920002D0A9 /* Preview Content */ = {
			isa = PBXGroup;
			children = (
				06263F572B21DD920002D0A9 /* Preview Assets.xcassets */,
			);
			path = "Preview Content";
			sourceTree = "<group>";
		};
		06263F682B21E3DE0002D0A9 /* FirstPage */ = {
			isa = PBXGroup;
			children = (
				06263F622B21E1240002D0A9 /* MainPage.swift */,
				5DF3C64F2B286D290091310F /* ModelWindowTrip.swift */,
			);
			path = FirstPage;
			sourceTree = "<group>";
		};
		06263F6A2B21E43E0002D0A9 /* MapView */ = {
			isa = PBXGroup;
			children = (
				06263F662B21E1D10002D0A9 /* MapView.swift */,
				06263F732B2850A70002D0A9 /* NoteList.swift */,
			);
			path = MapView;
			sourceTree = "<group>";
		};
		06263F6B2B21E44F0002D0A9 /* New Travel */ = {
			isa = PBXGroup;
			children = (
				06263F602B21E0EC0002D0A9 /* NewTravel.swift */,
				06263F6D2B271A540002D0A9 /* calendarFromView.swift */,
				06263F6F2B271CD60002D0A9 /* calendarUntilView.swift */,
			);
			path = "New Travel";
			sourceTree = "<group>";
		};
		06263F6C2B21E4670002D0A9 /* Travel Note */ = {
			isa = PBXGroup;
			children = (
				069B8DF02B29D3EC00AD5D83 /* Views */,
				069B8DED2B29D34C00AD5D83 /* Model */,
			);
			path = "Travel Note";
			sourceTree = "<group>";
		};
		069B8DED2B29D34C00AD5D83 /* Model */ = {
			isa = PBXGroup;
			children = (
				06263F712B2849B10002D0A9 /* TravelNoteModel.swift */,
			);
			path = Model;
			sourceTree = "<group>";
		};
		069B8DF02B29D3EC00AD5D83 /* Views */ = {
			isa = PBXGroup;
			children = (
				069B8DEE2B29D3C500AD5D83 /* TravelNoteView.swift */,
				06263F5E2B21E0D30002D0A9 /* TravelNote.swift */,
			);
			path = Views;
			sourceTree = "<group>";
		};
/* End PBXGroup section */

/* Begin PBXNativeTarget section */
		06263F4B2B21DD920002D0A9 /* TravelApp */ = {
			isa = PBXNativeTarget;
			buildConfigurationList = 06263F5B2B21DD920002D0A9 /* Build configuration list for PBXNativeTarget "TravelApp" */;
			buildPhases = (
				06263F482B21DD920002D0A9 /* Sources */,
				06263F492B21DD920002D0A9 /* Frameworks */,
				06263F4A2B21DD920002D0A9 /* Resources */,
			);
			buildRules = (
			);
			dependencies = (
			);
			name = TravelApp;
			productName = TravelApp;
			productReference = 06263F4C2B21DD920002D0A9 /* TravelApp.app */;
			productType = "com.apple.product-type.application";
		};
/* End PBXNativeTarget section */

/* Begin PBXProject section */
		06263F442B21DD910002D0A9 /* Project object */ = {
			isa = PBXProject;
			attributes = {
				BuildIndependentTargetsInParallel = 1;
				LastSwiftUpdateCheck = 1500;
				LastUpgradeCheck = 1500;
				TargetAttributes = {
					06263F4B2B21DD920002D0A9 = {
						CreatedOnToolsVersion = 15.0.1;
					};
				};
			};
			buildConfigurationList = 06263F472B21DD910002D0A9 /* Build configuration list for PBXProject "TravelApp" */;
			compatibilityVersion = "Xcode 14.0";
			developmentRegion = en;
			hasScannedForEncodings = 0;
			knownRegions = (
				en,
				Base,
			);
			mainGroup = 06263F432B21DD910002D0A9;
			productRefGroup = 06263F4D2B21DD920002D0A9 /* Products */;
			projectDirPath = "";
			projectRoot = "";
			targets = (
				06263F4B2B21DD920002D0A9 /* TravelApp */,
			);
		};
/* End PBXProject section */

/* Begin PBXResourcesBuildPhase section */
		06263F4A2B21DD920002D0A9 /* Resources */ = {
			isa = PBXResourcesBuildPhase;
			buildActionMask = 2147483647;
			files = (
				06263F582B21DD920002D0A9 /* Preview Assets.xcassets in Resources */,
				06263F542B21DD920002D0A9 /* Assets.xcassets in Resources */,
			);
			runOnlyForDeploymentPostprocessing = 0;
		};
/* End PBXResourcesBuildPhase section */

/* Begin PBXSourcesBuildPhase section */
		06263F482B21DD920002D0A9 /* Sources */ = {
			isa = PBXSourcesBuildPhase;
			buildActionMask = 2147483647;
			files = (
				5DF3C6502B286D290091310F /* ModelWindowTrip.swift in Sources */,
				06263F672B21E1D10002D0A9 /* MapView.swift in Sources */,
				069B8DEF2B29D3C500AD5D83 /* TravelNoteView.swift in Sources */,
				06263F702B271CD60002D0A9 /* calendarUntilView.swift in Sources */,
				06263F632B21E1240002D0A9 /* MainPage.swift in Sources */,
				06263F6E2B271A540002D0A9 /* calendarFromView.swift in Sources */,
				06263F522B21DD920002D0A9 /* ContentView.swift in Sources */,
				06263F5F2B21E0D30002D0A9 /* TravelNote.swift in Sources */,
				06263F742B2850A70002D0A9 /* NoteList.swift in Sources */,
				06263F612B21E0EC0002D0A9 /* NewTravel.swift in Sources */,
				06263F502B21DD920002D0A9 /* TravelAppApp.swift in Sources */,
				06263F722B2849B10002D0A9 /* TravelNoteModel.swift in Sources */,
			);
			runOnlyForDeploymentPostprocessing = 0;
		};
/* End PBXSourcesBuildPhase section */

/* Begin XCBuildConfiguration section */
		06263F592B21DD920002D0A9 /* Debug */ = {
			isa = XCBuildConfiguration;
			buildSettings = {
				ALWAYS_SEARCH_USER_PATHS = NO;
				ASSETCATALOG_COMPILER_GENERATE_SWIFT_ASSET_SYMBOL_EXTENSIONS = YES;
				CLANG_ANALYZER_NONNULL = YES;
				CLANG_ANALYZER_NUMBER_OBJECT_CONVERSION = YES_AGGRESSIVE;
				CLANG_CXX_LANGUAGE_STANDARD = "gnu++20";
				CLANG_ENABLE_MODULES = YES;
				CLANG_ENABLE_OBJC_ARC = YES;
				CLANG_ENABLE_OBJC_WEAK = YES;
				CLANG_WARN_BLOCK_CAPTURE_AUTORELEASING = YES;
				CLANG_WARN_BOOL_CONVERSION = YES;
				CLANG_WARN_COMMA = YES;
				CLANG_WARN_CONSTANT_CONVERSION = YES;
				CLANG_WARN_DEPRECATED_OBJC_IMPLEMENTATIONS = YES;
				CLANG_WARN_DIRECT_OBJC_ISA_USAGE = YES_ERROR;
				CLANG_WARN_DOCUMENTATION_COMMENTS = YES;
				CLANG_WARN_EMPTY_BODY = YES;
				CLANG_WARN_ENUM_CONVERSION = YES;
				CLANG_WARN_INFINITE_RECURSION = YES;
				CLANG_WARN_INT_CONVERSION = YES;
				CLANG_WARN_NON_LITERAL_NULL_CONVERSION = YES;
				CLANG_WARN_OBJC_IMPLICIT_RETAIN_SELF = YES;
				CLANG_WARN_OBJC_LITERAL_CONVERSION = YES;
				CLANG_WARN_OBJC_ROOT_CLASS = YES_ERROR;
				CLANG_WARN_QUOTED_INCLUDE_IN_FRAMEWORK_HEADER = YES;
				CLANG_WARN_RANGE_LOOP_ANALYSIS = YES;
				CLANG_WARN_STRICT_PROTOTYPES = YES;
				CLANG_WARN_SUSPICIOUS_MOVE = YES;
				CLANG_WARN_UNGUARDED_AVAILABILITY = YES_AGGRESSIVE;
				CLANG_WARN_UNREACHABLE_CODE = YES;
				CLANG_WARN__DUPLICATE_METHOD_MATCH = YES;
				COPY_PHASE_STRIP = NO;
				DEBUG_INFORMATION_FORMAT = dwarf;
				ENABLE_STRICT_OBJC_MSGSEND = YES;
				ENABLE_TESTABILITY = YES;
				ENABLE_USER_SCRIPT_SANDBOXING = YES;
				GCC_C_LANGUAGE_STANDARD = gnu17;
				GCC_DYNAMIC_NO_PIC = NO;
				GCC_NO_COMMON_BLOCKS = YES;
				GCC_OPTIMIZATION_LEVEL = 0;
				GCC_PREPROCESSOR_DEFINITIONS = (
					"DEBUG=1",
					"$(inherited)",
				);
				GCC_WARN_64_TO_32_BIT_CONVERSION = YES;
				GCC_WARN_ABOUT_RETURN_TYPE = YES_ERROR;
				GCC_WARN_UNDECLARED_SELECTOR = YES;
				GCC_WARN_UNINITIALIZED_AUTOS = YES_AGGRESSIVE;
				GCC_WARN_UNUSED_FUNCTION = YES;
				GCC_WARN_UNUSED_VARIABLE = YES;
				LOCALIZATION_PREFERS_STRING_CATALOGS = YES;
				MTL_ENABLE_DEBUG_INFO = INCLUDE_SOURCE;
				MTL_FAST_MATH = YES;
				ONLY_ACTIVE_ARCH = YES;
				SWIFT_ACTIVE_COMPILATION_CONDITIONS = "DEBUG $(inherited)";
				SWIFT_OPTIMIZATION_LEVEL = "-Onone";
			};
			name = Debug;
		};
		06263F5A2B21DD920002D0A9 /* Release */ = {
			isa = XCBuildConfiguration;
			buildSettings = {
				ALWAYS_SEARCH_USER_PATHS = NO;
				ASSETCATALOG_COMPILER_GENERATE_SWIFT_ASSET_SYMBOL_EXTENSIONS = YES;
				CLANG_ANALYZER_NONNULL = YES;
				CLANG_ANALYZER_NUMBER_OBJECT_CONVERSION = YES_AGGRESSIVE;
				CLANG_CXX_LANGUAGE_STANDARD = "gnu++20";
				CLANG_ENABLE_MODULES = YES;
				CLANG_ENABLE_OBJC_ARC = YES;
				CLANG_ENABLE_OBJC_WEAK = YES;
				CLANG_WARN_BLOCK_CAPTURE_AUTORELEASING = YES;
				CLANG_WARN_BOOL_CONVERSION = YES;
				CLANG_WARN_COMMA = YES;
				CLANG_WARN_CONSTANT_CONVERSION = YES;
				CLANG_WARN_DEPRECATED_OBJC_IMPLEMENTATIONS = YES;
				CLANG_WARN_DIRECT_OBJC_ISA_USAGE = YES_ERROR;
				CLANG_WARN_DOCUMENTATION_COMMENTS = YES;
				CLANG_WARN_EMPTY_BODY = YES;
				CLANG_WARN_ENUM_CONVERSION = YES;
				CLANG_WARN_INFINITE_RECURSION = YES;
				CLANG_WARN_INT_CONVERSION = YES;
				CLANG_WARN_NON_LITERAL_NULL_CONVERSION = YES;
				CLANG_WARN_OBJC_IMPLICIT_RETAIN_SELF = YES;
				CLANG_WARN_OBJC_LITERAL_CONVERSION = YES;
				CLANG_WARN_OBJC_ROOT_CLASS = YES_ERROR;
				CLANG_WARN_QUOTED_INCLUDE_IN_FRAMEWORK_HEADER = YES;
				CLANG_WARN_RANGE_LOOP_ANALYSIS = YES;
				CLANG_WARN_STRICT_PROTOTYPES = YES;
				CLANG_WARN_SUSPICIOUS_MOVE = YES;
				CLANG_WARN_UNGUARDED_AVAILABILITY = YES_AGGRESSIVE;
				CLANG_WARN_UNREACHABLE_CODE = YES;
				CLANG_WARN__DUPLICATE_METHOD_MATCH = YES;
				COPY_PHASE_STRIP = NO;
				DEBUG_INFORMATION_FORMAT = "dwarf-with-dsym";
				ENABLE_NS_ASSERTIONS = NO;
				ENABLE_STRICT_OBJC_MSGSEND = YES;
				ENABLE_USER_SCRIPT_SANDBOXING = YES;
				GCC_C_LANGUAGE_STANDARD = gnu17;
				GCC_NO_COMMON_BLOCKS = YES;
				GCC_WARN_64_TO_32_BIT_CONVERSION = YES;
				GCC_WARN_ABOUT_RETURN_TYPE = YES_ERROR;
				GCC_WARN_UNDECLARED_SELECTOR = YES;
				GCC_WARN_UNINITIALIZED_AUTOS = YES_AGGRESSIVE;
				GCC_WARN_UNUSED_FUNCTION = YES;
				GCC_WARN_UNUSED_VARIABLE = YES;
				LOCALIZATION_PREFERS_STRING_CATALOGS = YES;
				MTL_ENABLE_DEBUG_INFO = NO;
				MTL_FAST_MATH = YES;
				SWIFT_COMPILATION_MODE = wholemodule;
			};
			name = Release;
		};
		06263F5C2B21DD920002D0A9 /* Debug */ = {
			isa = XCBuildConfiguration;
			buildSettings = {
				ASSETCATALOG_COMPILER_APPICON_NAME = AppIcon;
				ASSETCATALOG_COMPILER_GLOBAL_ACCENT_COLOR_NAME = AccentColor;
				CODE_SIGN_ENTITLEMENTS = TravelApp/TravelApp.entitlements;
				CODE_SIGN_STYLE = Automatic;
				CURRENT_PROJECT_VERSION = 1;
				DEVELOPMENT_ASSET_PATHS = "\"TravelApp/Preview Content\"";
				DEVELOPMENT_TEAM = XQMJRDV4LZ;
				ENABLE_HARDENED_RUNTIME = YES;
				ENABLE_PREVIEWS = YES;
				GENERATE_INFOPLIST_FILE = YES;
				"INFOPLIST_KEY_UIApplicationSceneManifest_Generation[sdk=iphoneos*]" = YES;
				"INFOPLIST_KEY_UIApplicationSceneManifest_Generation[sdk=iphonesimulator*]" = YES;
				"INFOPLIST_KEY_UIApplicationSupportsIndirectInputEvents[sdk=iphoneos*]" = YES;
				"INFOPLIST_KEY_UIApplicationSupportsIndirectInputEvents[sdk=iphonesimulator*]" = YES;
				"INFOPLIST_KEY_UILaunchScreen_Generation[sdk=iphoneos*]" = YES;
				"INFOPLIST_KEY_UILaunchScreen_Generation[sdk=iphonesimulator*]" = YES;
				"INFOPLIST_KEY_UIStatusBarStyle[sdk=iphoneos*]" = UIStatusBarStyleDefault;
				"INFOPLIST_KEY_UIStatusBarStyle[sdk=iphonesimulator*]" = UIStatusBarStyleDefault;
				INFOPLIST_KEY_UISupportedInterfaceOrientations_iPad = "UIInterfaceOrientationPortrait UIInterfaceOrientationPortraitUpsideDown UIInterfaceOrientationLandscapeLeft UIInterfaceOrientationLandscapeRight";
				INFOPLIST_KEY_UISupportedInterfaceOrientations_iPhone = "UIInterfaceOrientationPortrait UIInterfaceOrientationLandscapeLeft UIInterfaceOrientationLandscapeRight";
				IPHONEOS_DEPLOYMENT_TARGET = 17.0;
				LD_RUNPATH_SEARCH_PATHS = "@executable_path/Frameworks";
				"LD_RUNPATH_SEARCH_PATHS[sdk=macosx*]" = "@executable_path/../Frameworks";
				MACOSX_DEPLOYMENT_TARGET = 14.0;
				MARKETING_VERSION = 1.0;
				PRODUCT_BUNDLE_IDENTIFIER = com.giuseppeolivari.TravelApp;
				PRODUCT_NAME = "$(TARGET_NAME)";
				SDKROOT = auto;
				SUPPORTED_PLATFORMS = "iphoneos iphonesimulator macosx";
				SWIFT_EMIT_LOC_STRINGS = YES;
				SWIFT_VERSION = 5.0;
				TARGETED_DEVICE_FAMILY = "1,2";
			};
			name = Debug;
		};
		06263F5D2B21DD920002D0A9 /* Release */ = {
			isa = XCBuildConfiguration;
			buildSettings = {
				ASSETCATALOG_COMPILER_APPICON_NAME = AppIcon;
				ASSETCATALOG_COMPILER_GLOBAL_ACCENT_COLOR_NAME = AccentColor;
				CODE_SIGN_ENTITLEMENTS = TravelApp/TravelApp.entitlements;
				CODE_SIGN_STYLE = Automatic;
				CURRENT_PROJECT_VERSION = 1;
				DEVELOPMENT_ASSET_PATHS = "\"TravelApp/Preview Content\"";
				DEVELOPMENT_TEAM = XQMJRDV4LZ;
				ENABLE_HARDENED_RUNTIME = YES;
				ENABLE_PREVIEWS = YES;
				GENERATE_INFOPLIST_FILE = YES;
				"INFOPLIST_KEY_UIApplicationSceneManifest_Generation[sdk=iphoneos*]" = YES;
				"INFOPLIST_KEY_UIApplicationSceneManifest_Generation[sdk=iphonesimulator*]" = YES;
				"INFOPLIST_KEY_UIApplicationSupportsIndirectInputEvents[sdk=iphoneos*]" = YES;
				"INFOPLIST_KEY_UIApplicationSupportsIndirectInputEvents[sdk=iphonesimulator*]" = YES;
				"INFOPLIST_KEY_UILaunchScreen_Generation[sdk=iphoneos*]" = YES;
				"INFOPLIST_KEY_UILaunchScreen_Generation[sdk=iphonesimulator*]" = YES;
				"INFOPLIST_KEY_UIStatusBarStyle[sdk=iphoneos*]" = UIStatusBarStyleDefault;
				"INFOPLIST_KEY_UIStatusBarStyle[sdk=iphonesimulator*]" = UIStatusBarStyleDefault;
				INFOPLIST_KEY_UISupportedInterfaceOrientations_iPad = "UIInterfaceOrientationPortrait UIInterfaceOrientationPortraitUpsideDown UIInterfaceOrientationLandscapeLeft UIInterfaceOrientationLandscapeRight";
				INFOPLIST_KEY_UISupportedInterfaceOrientations_iPhone = "UIInterfaceOrientationPortrait UIInterfaceOrientationLandscapeLeft UIInterfaceOrientationLandscapeRight";
				IPHONEOS_DEPLOYMENT_TARGET = 17.0;
				LD_RUNPATH_SEARCH_PATHS = "@executable_path/Frameworks";
				"LD_RUNPATH_SEARCH_PATHS[sdk=macosx*]" = "@executable_path/../Frameworks";
				MACOSX_DEPLOYMENT_TARGET = 14.0;
				MARKETING_VERSION = 1.0;
				PRODUCT_BUNDLE_IDENTIFIER = com.giuseppeolivari.TravelApp;
				PRODUCT_NAME = "$(TARGET_NAME)";
				SDKROOT = auto;
				SUPPORTED_PLATFORMS = "iphoneos iphonesimulator macosx";
				SWIFT_EMIT_LOC_STRINGS = YES;
				SWIFT_VERSION = 5.0;
				TARGETED_DEVICE_FAMILY = "1,2";
			};
			name = Release;
		};
/* End XCBuildConfiguration section */

/* Begin XCConfigurationList section */
		06263F472B21DD910002D0A9 /* Build configuration list for PBXProject "TravelApp" */ = {
			isa = XCConfigurationList;
			buildConfigurations = (
				06263F592B21DD920002D0A9 /* Debug */,
				06263F5A2B21DD920002D0A9 /* Release */,
			);
			defaultConfigurationIsVisible = 0;
			defaultConfigurationName = Release;
		};
		06263F5B2B21DD920002D0A9 /* Build configuration list for PBXNativeTarget "TravelApp" */ = {
			isa = XCConfigurationList;
			buildConfigurations = (
				06263F5C2B21DD920002D0A9 /* Debug */,
				06263F5D2B21DD920002D0A9 /* Release */,
			);
			defaultConfigurationIsVisible = 0;
			defaultConfigurationName = Release;
		};
/* End XCConfigurationList section */
	};
	rootObject = 06263F442B21DD910002D0A9 /* Project object */;
}
